// !$*UTF8*$!
{
	archiveVersion = 1;
	classes = {
	};
	objectVersion = 48;
	objects = {

/* Begin PBXBuildFile section */
		8DD57FE21FBF97E40062CBBD /* AppDelegate.swift in Sources */ = {isa = PBXBuildFile; fileRef = 8DD57FE11FBF97E40062CBBD /* AppDelegate.swift */; };
		8DD57FE41FBF97E40062CBBD /* ViewController.swift in Sources */ = {isa = PBXBuildFile; fileRef = 8DD57FE31FBF97E40062CBBD /* ViewController.swift */; };
		8DD57FE71FBF97E50062CBBD /* Main.storyboard in Resources */ = {isa = PBXBuildFile; fileRef = 8DD57FE51FBF97E50062CBBD /* Main.storyboard */; };
		8DD57FE91FBF97E50062CBBD /* Assets.xcassets in Resources */ = {isa = PBXBuildFile; fileRef = 8DD57FE81FBF97E50062CBBD /* Assets.xcassets */; };
		8DD57FEC1FBF97E50062CBBD /* LaunchScreen.storyboard in Resources */ = {isa = PBXBuildFile; fileRef = 8DD57FEA1FBF97E50062CBBD /* LaunchScreen.storyboard */; };
/* End PBXBuildFile section */

/* Begin PBXFileReference section */
		8DD57FDE1FBF97E40062CBBD /* stanford-calc-ios.app */ = {isa = PBXFileReference; explicitFileType = wrapper.application; includeInIndex = 0; path = "stanford-calc-ios.app"; sourceTree = BUILT_PRODUCTS_DIR; };
		8DD57FE11FBF97E40062CBBD /* AppDelegate.swift */ = {isa = PBXFileReference; lastKnownFileType = sourcecode.swift; path = AppDelegate.swift; sourceTree = "<group>"; };
		8DD57FE31FBF97E40062CBBD /* ViewController.swift */ = {isa = PBXFileReference; lastKnownFileType = sourcecode.swift; path = ViewController.swift; sourceTree = "<group>"; };
		8DD57FE61FBF97E50062CBBD /* Base */ = {isa = PBXFileReference; lastKnownFileType = file.storyboard; name = Base; path = Base.lproj/Main.storyboard; sourceTree = "<group>"; };
		8DD57FE81FBF97E50062CBBD /* Assets.xcassets */ = {isa = PBXFileReference; lastKnownFileType = folder.assetcatalog; path = Assets.xcassets; sourceTree = "<group>"; };
		8DD57FEB1FBF97E50062CBBD /* Base */ = {isa = PBXFileReference; lastKnownFileType = file.storyboard; name = Base; path = Base.lproj/LaunchScreen.storyboard; sourceTree = "<group>"; };
		8DD57FED1FBF97E50062CBBD /* Info.plist */ = {isa = PBXFileReference; lastKnownFileType = text.plist.xml; path = Info.plist; sourceTree = "<group>"; };
/* End PBXFileReference section */

/* Begin PBXFrameworksBuildPhase section */
		8DD57FDB1FBF97E40062CBBD /* Frameworks */ = {
			isa = PBXFrameworksBuildPhase;
			buildActionMask = 2147483647;
			files = (
			);
			runOnlyForDeploymentPostprocessing = 0;
		};
/* End PBXFrameworksBuildPhase section */

/* Begin PBXGroup section */
		8DD57FD51FBF97E40062CBBD = {
			isa = PBXGroup;
			children = (
				8DD57FE01FBF97E40062CBBD /* stanford-calc-ios */,
				8DD57FDF1FBF97E40062CBBD /* Products */,
			);
			sourceTree = "<group>";
		};
		8DD57FDF1FBF97E40062CBBD /* Products */ = {
			isa = PBXGroup;
			children = (
				8DD57FDE1FBF97E40062CBBD /* stanford-calc-ios.app */,
			);
			name = Products;
			sourceTree = "<group>";
		};
		8DD57FE01FBF97E40062CBBD /* stanford-calc-ios */ = {
			isa = PBXGroup;
			children = (
				8DD57FF31FBF98950062CBBD /* Supporting Files */,
				8DD57FE31FBF97E40062CBBD /* ViewController.swift */,
				8DD57FE51FBF97E50062CBBD /* Main.storyboard */,
			);
			path = "stanford-calc-ios";
			sourceTree = "<group>";
		};
		8DD57FF31FBF98950062CBBD /* Supporting Files */ = {
			isa = PBXGroup;
			children = (
				8DD57FE11FBF97E40062CBBD /* AppDelegate.swift */,
				8DD57FE81FBF97E50062CBBD /* Assets.xcassets */,
				8DD57FEA1FBF97E50062CBBD /* LaunchScreen.storyboard */,
				8DD57FED1FBF97E50062CBBD /* Info.plist */,
			);
			path = "Supporting Files";
			sourceTree = "<group>";
		};
/* End PBXGroup section */

/* Begin PBXNativeTarget section */
		8DD57FDD1FBF97E40062CBBD /* stanford-calc-ios */ = {
			isa = PBXNativeTarget;
			buildConfigurationList = 8DD57FF01FBF97E50062CBBD /* Build configuration list for PBXNativeTarget "stanford-calc-ios" */;
			buildPhases = (
				8DD57FDA1FBF97E40062CBBD /* Sources */,
				8DD57FDB1FBF97E40062CBBD /* Frameworks */,
				8DD57FDC1FBF97E40062CBBD /* Resources */,
			);
			buildRules = (
			);
			dependencies = (
			);
			name = "stanford-calc-ios";
			productName = "stanford-calc-ios";
			productReference = 8DD57FDE1FBF97E40062CBBD /* stanford-calc-ios.app */;
			productType = "com.apple.product-type.application";
		};
/* End PBXNativeTarget section */

/* Begin PBXProject section */
		8DD57FD61FBF97E40062CBBD /* Project object */ = {
			isa = PBXProject;
			attributes = {
				LastSwiftUpdateCheck = 0910;
				LastUpgradeCheck = 0910;
				ORGANIZATIONNAME = Tarun;
				TargetAttributes = {
					8DD57FDD1FBF97E40062CBBD = {
						CreatedOnToolsVersion = 9.1;
						ProvisioningStyle = Automatic;
					};
				};
			};
			buildConfigurationList = 8DD57FD91FBF97E40062CBBD /* Build configuration list for PBXProject "stanford-calc-ios" */;
			compatibilityVersion = "Xcode 8.0";
			developmentRegion = en;
			hasScannedForEncodings = 0;
			knownRegions = (
				en,
				Base,
			);
			mainGroup = 8DD57FD51FBF97E40062CBBD;
			productRefGroup = 8DD57FDF1FBF97E40062CBBD /* Products */;
			projectDirPath = "";
			projectRoot = "";
			targets = (
				8DD57FDD1FBF97E40062CBBD /* stanford-calc-ios */,
			);
		};
/* End PBXProject section */

/* Begin PBXResourcesBuildPhase section */
		8DD57FDC1FBF97E40062CBBD /* Resources */ = {
			isa = PBXResourcesBuildPhase;
			buildActionMask = 2147483647;
			files = (
				8DD57FEC1FBF97E50062CBBD /* LaunchScreen.storyboard in Resources */,
				8DD57FE91FBF97E50062CBBD /* Assets.xcassets in Resources */,
				8DD57FE71FBF97E50062CBBD /* Main.storyboard in Resources */,
			);
			runOnlyForDeploymentPostprocessing = 0;
		};
/* End PBXResourcesBuildPhase section */

/* Begin PBXSourcesBuildPhase section */
		8DD57FDA1FBF97E40062CBBD /* Sources */ = {
			isa = PBXSourcesBuildPhase;
			buildActionMask = 2147483647;
			files = (
				8DD57FE41FBF97E40062CBBD /* ViewController.swift in Sources */,
				8DD57FE21FBF97E40062CBBD /* AppDelegate.swift in Sources */,
			);
			runOnlyForDeploymentPostprocessing = 0;
		};
/* End PBXSourcesBuildPhase section */

/* Begin PBXVariantGroup section */
		8DD57FE51FBF97E50062CBBD /* Main.storyboard */ = {
			isa = PBXVariantGroup;
			children = (
				8DD57FE61FBF97E50062CBBD /* Base */,
			);
			name = Main.storyboard;
			sourceTree = "<group>";
		};
		8DD57FEA1FBF97E50062CBBD /* LaunchScreen.storyboard */ = {
			isa = PBXVariantGroup;
			children = (
				8DD57FEB1FBF97E50062CBBD /* Base */,
			);
			name = LaunchScreen.storyboard;
			sourceTree = "<group>";
		};
/* End PBXVariantGroup section */

/* Begin XCBuildConfiguration section */
		8DD57FEE1FBF97E50062CBBD /* Debug */ = {
			isa = XCBuildConfiguration;
			buildSettings = {
				ALWAYS_SEARCH_USER_PATHS = NO;
				CLANG_ANALYZER_NONNULL = YES;
				CLANG_ANALYZER_NUMBER_OBJECT_CONVERSION = YES_AGGRESSIVE;
				CLANG_CXX_LANGUAGE_STANDARD = "gnu++14";
				CLANG_CXX_LIBRARY = "libc++";
				CLANG_ENABLE_MODULES = YES;
				CLANG_ENABLE_OBJC_ARC = YES;
				CLANG_WARN_BLOCK_CAPTURE_AUTORELEASING = YES;
				CLANG_WARN_BOOL_CONVERSION = YES;
				CLANG_WARN_COMMA = YES;
				CLANG_WARN_CONSTANT_CONVERSION = YES;
				CLANG_WARN_DIRECT_OBJC_ISA_USAGE = YES_ERROR;
				CLANG_WARN_DOCUMENTATION_COMMENTS = YES;
				CLANG_WARN_EMPTY_BODY = YES;
				CLANG_WARN_ENUM_CONVERSION = YES;
				CLANG_WARN_INFINITE_RECURSION = YES;
				CLANG_WARN_INT_CONVERSION = YES;
				CLANG_WARN_NON_LITERAL_NULL_CONVERSION = YES;
				CLANG_WARN_OBJC_LITERAL_CONVERSION = YES;
				CLANG_WARN_OBJC_ROOT_CLASS = YES_ERROR;
				CLANG_WARN_RANGE_LOOP_ANALYSIS = YES;
				CLANG_WARN_STRICT_PROTOTYPES = YES;
				CLANG_WARN_SUSPICIOUS_MOVE = YES;
				CLANG_WARN_UNGUARDED_AVAILABILITY = YES_AGGRESSIVE;
				CLANG_WARN_UNREACHABLE_CODE = YES;
				CLANG_WARN__DUPLICATE_METHOD_MATCH = YES;
				CODE_SIGN_IDENTITY = "iPhone Developer";
				COPY_PHASE_STRIP = NO;
				DEBUG_INFORMATION_FORMAT = dwarf;
				ENABLE_STRICT_OBJC_MSGSEND = YES;
				ENABLE_TESTABILITY = YES;
				GCC_C_LANGUAGE_STANDARD = gnu11;
				GCC_DYNAMIC_NO_PIC = NO;
				GCC_NO_COMMON_BLOCKS = YES;
				GCC_OPTIMIZATION_LEVEL = 0;
				GCC_PREPROCESSOR_DEFINITIONS = (
					"DEBUG=1",
					"$(inherited)",
				);
				GCC_WARN_64_TO_32_BIT_CONVERSION = YES;
				GCC_WARN_ABOUT_RETURN_TYPE = YES_ERROR;
				GCC_WARN_UNDECLARED_SELECTOR = YES;
				GCC_WARN_UNINITIALIZED_AUTOS = YES_AGGRESSIVE;
				GCC_WARN_UNUSED_FUNCTION = YES;
				GCC_WARN_UNUSED_VARIABLE = YES;
				IPHONEOS_DEPLOYMENT_TARGET = 11.1;
				MTL_ENABLE_DEBUG_INFO = YES;
				ONLY_ACTIVE_ARCH = YES;
				SDKROOT = iphoneos;
				SWIFT_ACTIVE_COMPILATION_CONDITIONS = DEBUG;
				SWIFT_OPTIMIZATION_LEVEL = "-Onone";
			};
			name = Debug;
		};
		8DD57FEF1FBF97E50062CBBD /* Release */ = {
			isa = XCBuildConfiguration;
			buildSettings = {
				ALWAYS_SEARCH_USER_PATHS = NO;
				CLANG_ANALYZER_NONNULL = YES;
				CLANG_ANALYZER_NUMBER_OBJECT_CONVERSION = YES_AGGRESSIVE;
				CLANG_CXX_LANGUAGE_STANDARD = "gnu++14";
				CLANG_CXX_LIBRARY = "libc++";
				CLANG_ENABLE_MODULES = YES;
				CLANG_ENABLE_OBJC_ARC = YES;
				CLANG_WARN_BLOCK_CAPTURE_AUTORELEASING = YES;
				CLANG_WARN_BOOL_CONVERSION = YES;
				CLANG_WARN_COMMA = YES;
				CLANG_WARN_CONSTANT_CONVERSION = YES;
				CLANG_WARN_DIRECT_OBJC_ISA_USAGE = YES_ERROR;
				CLANG_WARN_DOCUMENTATION_COMMENTS = YES;
				CLANG_WARN_EMPTY_BODY = YES;
				CLANG_WARN_ENUM_CONVERSION = YES;
				CLANG_WARN_INFINITE_RECURSION = YES;
				CLANG_WARN_INT_CONVERSION = YES;
				CLANG_WARN_NON_LITERAL_NULL_CONVERSION = YES;
				CLANG_WARN_OBJC_LITERAL_CONVERSION = YES;
				CLANG_WARN_OBJC_ROOT_CLASS = YES_ERROR;
				CLANG_WARN_RANGE_LOOP_ANALYSIS = YES;
				CLANG_WARN_STRICT_PROTOTYPES = YES;
				CLANG_WARN_SUSPICIOUS_MOVE = YES;
				CLANG_WARN_UNGUARDED_AVAILABILITY = YES_AGGRESSIVE;
				CLANG_WARN_UNREACHABLE_CODE = YES;
				CLANG_WARN__DUPLICATE_METHOD_MATCH = YES;
				CODE_SIGN_IDENTITY = "iPhone Developer";
				COPY_PHASE_STRIP = NO;
				DEBUG_INFORMATION_FORMAT = "dwarf-with-dsym";
				ENABLE_NS_ASSERTIONS = NO;
				ENABLE_STRICT_OBJC_MSGSEND = YES;
				GCC_C_LANGUAGE_STANDARD = gnu11;
				GCC_NO_COMMON_BLOCKS = YES;
				GCC_WARN_64_TO_32_BIT_CONVERSION = YES;
				GCC_WARN_ABOUT_RETURN_TYPE = YES_ERROR;
				GCC_WARN_UNDECLARED_SELECTOR = YES;
				GCC_WARN_UNINITIALIZED_AUTOS = YES_AGGRESSIVE;
				GCC_WARN_UNUSED_FUNCTION = YES;
				GCC_WARN_UNUSED_VARIABLE = YES;
				IPHONEOS_DEPLOYMENT_TARGET = 11.1;
				MTL_ENABLE_DEBUG_INFO = NO;
				SDKROOT = iphoneos;
				SWIFT_OPTIMIZATION_LEVEL = "-Owholemodule";
				VALIDATE_PRODUCT = YES;
			};
			name = Release;
		};
		8DD57FF11FBF97E50062CBBD /* Debug */ = {
			isa = XCBuildConfiguration;
			buildSettings = {
				ASSETCATALOG_COMPILER_APPICON_NAME = AppIcon;
				CODE_SIGN_STYLE = Automatic;
				DEVELOPMENT_TEAM = Q8B5HDJ883;
				INFOPLIST_FILE = "stanford-calc-ios/Supporting Files/Info.plist";
				LD_RUNPATH_SEARCH_PATHS = "$(inherited) @executable_path/Frameworks";
				PRODUCT_BUNDLE_IDENTIFIER = "com.tarunsk.stanford-calc-ios";
				PRODUCT_NAME = "$(TARGET_NAME)";
				SWIFT_VERSION = 4.0;
				TARGETED_DEVICE_FAMILY = "1,2";
			};
			name = Debug;
		};
		8DD57FF21FBF97E50062CBBD /* Release */ = {
			isa = XCBuildConfiguration;
			buildSettings = {
				ASSETCATALOG_COMPILER_APPICON_NAME = AppIcon;
				CODE_SIGN_STYLE = Automatic;
				DEVELOPMENT_TEAM = Q8B5HDJ883;
				INFOPLIST_FILE = "stanford-calc-ios/Supporting Files/Info.plist";
				LD_RUNPATH_SEARCH_PATHS = "$(inherited) @executable_path/Frameworks";
				PRODUCT_BUNDLE_IDENTIFIER = "com.tarunsk.stanford-calc-ios";
				PRODUCT_NAME = "$(TARGET_NAME)";
				SWIFT_VERSION = 4.0;
				TARGETED_DEVICE_FAMILY = "1,2";
			};
			name = Release;
		};
/* End XCBuildConfiguration section */

/* Begin XCConfigurationList section */
		8DD57FD91FBF97E40062CBBD /* Build configuration list for PBXProject "stanford-calc-ios" */ = {
			isa = XCConfigurationList;
			buildConfigurations = (
				8DD57FEE1FBF97E50062CBBD /* Debug */,
				8DD57FEF1FBF97E50062CBBD /* Release */,
			);
			defaultConfigurationIsVisible = 0;
			defaultConfigurationName = Release;
		};
		8DD57FF01FBF97E50062CBBD /* Build configuration list for PBXNativeTarget "stanford-calc-ios" */ = {
			isa = XCConfigurationList;
			buildConfigurations = (
				8DD57FF11FBF97E50062CBBD /* Debug */,
				8DD57FF21FBF97E50062CBBD /* Release */,
			);
			defaultConfigurationIsVisible = 0;
			defaultConfigurationName = Release;
		};
/* End XCConfigurationList section */
	};
	rootObject = 8DD57FD61FBF97E40062CBBD /* Project object */;
}
